
Microsoft Visual Studio Solution File, Format Version 12.00
# Visual Studio 2012
Project("{8BC9CEB8-8B4A-11D0-8D11-00A0C91BC942}") = "Member", "Member.vcxproj", "{1C21D227-5328-44AF-9932-8B58F6820916}"
EndProject
Global
	GlobalSection(SolutionConfigurationPlatforms) = preSolution
		Debug|Win32 = Debug|Win32
		Release|Win32 = Release|Win32
	EndGlobalSection
	GlobalSection(ProjectConfigurationPlatforms) = postSolution
		{1C21D227-5328-44AF-9932-8B58F6820916}.Debug|Win32.ActiveCfg = Debug|Win32
		{1C21D227-5328-44AF-9932-8B58F6820916}.Debug|Win32.Build.0 = Debug|Win32
		{1C21D227-5328-44AF-9932-8B58F6820916}.Release|Win32.ActiveCfg = Release|Win32
		{1C21D227-5328-44AF-9932-8B58F6820916}.Release|Win32.Build.0 = Release|Win32
	EndGlobalSection
	GlobalSection(SolutionProperties) = preSolution
		HideSolutionNode = FALSE
	EndGlobalSection
EndGlobal
